# This file is automatically @generated by Cargo.
# It is not intended for manual editing.
version = 4

[[package]]
name = "mocha_css"
version = "0.1.0"
dependencies = [
 "mocha_error",
]

[[package]]
name = "mocha_dom"
version = "0.1.0"
dependencies = [
 "mocha_error",
]

[[package]]
name = "mocha_error"
version = "0.1.0"

[[package]]
name = "mocha_events"
version = "0.1.0"
dependencies = [
 "mocha_dom",
 "mocha_error",
]

[[package]]
name = "mocha_html"
version = "0.1.0"
dependencies = [
 "mocha_dom",
 "mocha_error",
]

[[package]]
name = "mocha_js"
version = "0.1.0"
dependencies = [
 "mocha_error",
]

[[package]]
name = "mocha_layout"
version = "0.1.0"
dependencies = [
 "mocha_error",
 "mocha_style",
]

[[package]]
name = "mocha_nav"
version = "0.1.0"
dependencies = [
 "mocha_dom",
 "mocha_error",
 "mocha_events",
 "mocha_net",
 "mocha_url",
]

[[package]]
name = "mocha_net"
version = "0.1.0"
dependencies = [
 "mocha_error",
 "mocha_url",
]

[[package]]
name = "mocha_paint"
version = "0.1.0"
dependencies = [
 "mocha_error",
 "mocha_layout",
]

[[package]]
name = "mocha_shell"
version = "0.1.0"
dependencies = [
 "mocha_dom",
 "mocha_error",
 "mocha_events",
 "mocha_html",
 "mocha_js",
 "mocha_layout",
 "mocha_nav",
 "mocha_net",
 "mocha_paint",
 "mocha_style",
 "mocha_url",
]

[[package]]
name = "mocha_style"
version = "0.1.0"
dependencies = [
 "mocha_css",
 "mocha_dom",
 "mocha_error",
]

[[package]]
name = "mocha_url"
version = "0.1.0"
dependencies = [
 "mocha_error",
]
